
Microsoft Visual Studio Solution File, Format Version 12.00
# Visual Studio Version 16
VisualStudioVersion = 16.0.31402.337
MinimumVisualStudioVersion = 10.0.40219.1
Project("{FAE04EC0-301F-11D3-BF4B-00C04F79EFBC}") = "ImageRecognitionApi", "ImageRecognitionApi.csproj", "{C3EB5047-9A6C-4A2A-9C3D-F027118D3E58}"
EndProject
Global
	GlobalSection(SolutionConfigurationPlatforms) = preSolution
		Debug|Any CPU = Debug|Any CPU
		Release|Any CPU = Release|Any CPU
	EndGlobalSection
	GlobalSection(ProjectConfigurationPlatforms) = postSolution
		{C3EB5047-9A6C-4A2A-9C3D-F027118D3E58}.Debug|Any CPU.ActiveCfg = Debug|Any CPU
		{C3EB5047-9A6C-4A2A-9C3D-F027118D3E58}.Debug|Any CPU.Build.0 = Debug|Any CPU
		{C3EB5047-9A6C-4A2A-9C3D-F027118D3E58}.Release|Any CPU.ActiveCfg = Release|Any CPU
		{C3EB5047-9A6C-4A2A-9C3D-F027118D3E58}.Release|Any CPU.Build.0 = Release|Any CPU
	EndGlobalSection
	GlobalSection(SolutionProperties) = preSolution
		HideSolutionNode = FALSE
	EndGlobalSection
	GlobalSection(ExtensibilityGlobals) = postSolution
		SolutionGuid = {E116B1A6-7BBC-4FC8-9E6F-C19C0E336B89}
	EndGlobalSection
EndGlobal
